
Microsoft Visual Studio Solution File, Format Version 12.00
# Visual Studio Version 17
VisualStudioVersion = 17.10.35122.118
MinimumVisualStudioVersion = 10.0.40219.1
Project("{FAE04EC0-301F-11D3-BF4B-00C04F79EFBC}") = "Pong.Server", "Pong.Server\Pong.Server.csproj", "{9D3217D9-27C4-4D1E-A901-696D5BC224FB}"
EndProject
Project("{54A90642-561A-4BB1-A94E-469ADEE60C69}") = "pong.client", "pong.client\pong.client.esproj", "{8E861AA0-17FC-46D9-893C-111B18BEA4F5}"
EndProject
Global
	GlobalSection(SolutionConfigurationPlatforms) = preSolution
		Debug|Any CPU = Debug|Any CPU
		Release|Any CPU = Release|Any CPU
	EndGlobalSection
	GlobalSection(ProjectConfigurationPlatforms) = postSolution
		{9D3217D9-27C4-4D1E-A901-696D5BC224FB}.Debug|Any CPU.ActiveCfg = Debug|Any CPU
		{9D3217D9-27C4-4D1E-A901-696D5BC224FB}.Debug|Any CPU.Build.0 = Debug|Any CPU
		{9D3217D9-27C4-4D1E-A901-696D5BC224FB}.Release|Any CPU.ActiveCfg = Release|Any CPU
		{9D3217D9-27C4-4D1E-A901-696D5BC224FB}.Release|Any CPU.Build.0 = Release|Any CPU
		{8E861AA0-17FC-46D9-893C-111B18BEA4F5}.Debug|Any CPU.ActiveCfg = Debug|Any CPU
		{8E861AA0-17FC-46D9-893C-111B18BEA4F5}.Debug|Any CPU.Build.0 = Debug|Any CPU
		{8E861AA0-17FC-46D9-893C-111B18BEA4F5}.Debug|Any CPU.Deploy.0 = Debug|Any CPU
		{8E861AA0-17FC-46D9-893C-111B18BEA4F5}.Release|Any CPU.ActiveCfg = Release|Any CPU
		{8E861AA0-17FC-46D9-893C-111B18BEA4F5}.Release|Any CPU.Build.0 = Release|Any CPU
		{8E861AA0-17FC-46D9-893C-111B18BEA4F5}.Release|Any CPU.Deploy.0 = Release|Any CPU
	EndGlobalSection
	GlobalSection(SolutionProperties) = preSolution
		HideSolutionNode = FALSE
	EndGlobalSection
	GlobalSection(ExtensibilityGlobals) = postSolution
		SolutionGuid = {C11BE3D0-15E8-454A-83D6-3840DB1D348F}
	EndGlobalSection
EndGlobal
